
Microsoft Visual Studio Solution File, Format Version 12.00
# Visual Studio Version 17
VisualStudioVersion = 17.10.35027.167
MinimumVisualStudioVersion = 10.0.40219.1
Project("{FAE04EC0-301F-11D3-BF4B-00C04F79EFBC}") = "CV", "CV\CV.csproj", "{87029277-0725-42B6-8F5E-8122DF3D523B}"
EndProject
Global
	GlobalSection(SolutionConfigurationPlatforms) = preSolution
		Debug|Any CPU = Debug|Any CPU
		Release|Any CPU = Release|Any CPU
	EndGlobalSection
	GlobalSection(ProjectConfigurationPlatforms) = postSolution
		{87029277-0725-42B6-8F5E-8122DF3D523B}.Debug|Any CPU.ActiveCfg = Debug|Any CPU
		{87029277-0725-42B6-8F5E-8122DF3D523B}.Debug|Any CPU.Build.0 = Debug|Any CPU
		{87029277-0725-42B6-8F5E-8122DF3D523B}.Release|Any CPU.ActiveCfg = Release|Any CPU
		{87029277-0725-42B6-8F5E-8122DF3D523B}.Release|Any CPU.Build.0 = Release|Any CPU
	EndGlobalSection
	GlobalSection(SolutionProperties) = preSolution
		HideSolutionNode = FALSE
	EndGlobalSection
	GlobalSection(ExtensibilityGlobals) = postSolution
		SolutionGuid = {2FB84D1C-9DCF-4C0B-A5BB-4BB031A39195}
	EndGlobalSection
EndGlobal
